// !$*UTF8*$!
{
	archiveVersion = 1;
	classes = {
	};
	objectVersion = 50;
	objects = {

/* Begin PBXBuildFile section */
		3E956071243A4ACC00EF60D9 /* Model.swift in Sources */ = {isa = PBXBuildFile; fileRef = 3E956070243A4ACC00EF60D9 /* Model.swift */; };
		3E956075243A525200EF60D9 /* CellView.swift in Sources */ = {isa = PBXBuildFile; fileRef = 3E956074243A525200EF60D9 /* CellView.swift */; };
		4E59AA9D24300A910055432C /* AppDelegate.swift in Sources */ = {isa = PBXBuildFile; fileRef = 4E59AA9C24300A910055432C /* AppDelegate.swift */; };
		4E59AA9F24300A910055432C /* SceneDelegate.swift in Sources */ = {isa = PBXBuildFile; fileRef = 4E59AA9E24300A910055432C /* SceneDelegate.swift */; };
		4E59AAA124300A910055432C /* ContentView.swift in Sources */ = {isa = PBXBuildFile; fileRef = 4E59AAA024300A910055432C /* ContentView.swift */; };
		4E59AAA324300A940055432C /* Assets.xcassets in Resources */ = {isa = PBXBuildFile; fileRef = 4E59AAA224300A940055432C /* Assets.xcassets */; };
		4E59AAA624300A940055432C /* Preview Assets.xcassets in Resources */ = {isa = PBXBuildFile; fileRef = 4E59AAA524300A940055432C /* Preview Assets.xcassets */; };
		4E59AAA924300A940055432C /* LaunchScreen.storyboard in Resources */ = {isa = PBXBuildFile; fileRef = 4E59AAA724300A940055432C /* LaunchScreen.storyboard */; };
/* End PBXBuildFile section */

/* Begin PBXFileReference section */
		3E956070243A4ACC00EF60D9 /* Model.swift */ = {isa = PBXFileReference; lastKnownFileType = sourcecode.swift; path = Model.swift; sourceTree = "<group>"; };
		3E956074243A525200EF60D9 /* CellView.swift */ = {isa = PBXFileReference; lastKnownFileType = sourcecode.swift; path = CellView.swift; sourceTree = "<group>"; };
		4E59AA9924300A910055432C /* COVID.app */ = {isa = PBXFileReference; explicitFileType = wrapper.application; includeInIndex = 0; path = COVID.app; sourceTree = BUILT_PRODUCTS_DIR; };
		4E59AA9C24300A910055432C /* AppDelegate.swift */ = {isa = PBXFileReference; lastKnownFileType = sourcecode.swift; path = AppDelegate.swift; sourceTree = "<group>"; };
		4E59AA9E24300A910055432C /* SceneDelegate.swift */ = {isa = PBXFileReference; lastKnownFileType = sourcecode.swift; path = SceneDelegate.swift; sourceTree = "<group>"; };
		4E59AAA024300A910055432C /* ContentView.swift */ = {isa = PBXFileReference; lastKnownFileType = sourcecode.swift; path = ContentView.swift; sourceTree = "<group>"; };
		4E59AAA224300A940055432C /* Assets.xcassets */ = {isa = PBXFileReference; lastKnownFileType = folder.assetcatalog; path = Assets.xcassets; sourceTree = "<group>"; };
		4E59AAA524300A940055432C /* Preview Assets.xcassets */ = {isa = PBXFileReference; lastKnownFileType = folder.assetcatalog; path = "Preview Assets.xcassets"; sourceTree = "<group>"; };
		4E59AAA824300A940055432C /* Base */ = {isa = PBXFileReference; lastKnownFileType = file.storyboard; name = Base; path = Base.lproj/LaunchScreen.storyboard; sourceTree = "<group>"; };
		4E59AAAA24300A940055432C /* Info.plist */ = {isa = PBXFileReference; lastKnownFileType = text.plist.xml; path = Info.plist; sourceTree = "<group>"; };
/* End PBXFileReference section */

/* Begin PBXFrameworksBuildPhase section */
		4E59AA9624300A910055432C /* Frameworks */ = {
			isa = PBXFrameworksBuildPhase;
			buildActionMask = 2147483647;
			files = (
			);
			runOnlyForDeploymentPostprocessing = 0;
		};
/* End PBXFrameworksBuildPhase section */

/* Begin PBXGroup section */
		4E59AA9024300A910055432C = {
			isa = PBXGroup;
			children = (
				4E59AA9B24300A910055432C /* COVID */,
				4E59AA9A24300A910055432C /* Products */,
			);
			sourceTree = "<group>";
		};
		4E59AA9A24300A910055432C /* Products */ = {
			isa = PBXGroup;
			children = (
				4E59AA9924300A910055432C /* COVID.app */,
			);
			name = Products;
			sourceTree = "<group>";
		};
		4E59AA9B24300A910055432C /* COVID */ = {
			isa = PBXGroup;
			children = (
				4E59AA9C24300A910055432C /* AppDelegate.swift */,
				4E59AA9E24300A910055432C /* SceneDelegate.swift */,
				4E59AAA024300A910055432C /* ContentView.swift */,
				3E956074243A525200EF60D9 /* CellView.swift */,
				3E956070243A4ACC00EF60D9 /* Model.swift */,
				4E59AAA224300A940055432C /* Assets.xcassets */,
				4E59AAA724300A940055432C /* LaunchScreen.storyboard */,
				4E59AAAA24300A940055432C /* Info.plist */,
				4E59AAA424300A940055432C /* Preview Content */,
			);
			path = COVID;
			sourceTree = "<group>";
		};
		4E59AAA424300A940055432C /* Preview Content */ = {
			isa = PBXGroup;
			children = (
				4E59AAA524300A940055432C /* Preview Assets.xcassets */,
			);
			path = "Preview Content";
			sourceTree = "<group>";
		};
/* End PBXGroup section */

/* Begin PBXNativeTarget section */
		4E59AA9824300A910055432C /* COVID */ = {
			isa = PBXNativeTarget;
			buildConfigurationList = 4E59AAAD24300A940055432C /* Build configuration list for PBXNativeTarget "COVID" */;
			buildPhases = (
				4E59AA9524300A910055432C /* Sources */,
				4E59AA9624300A910055432C /* Frameworks */,
				4E59AA9724300A910055432C /* Resources */,
			);
			buildRules = (
			);
			dependencies = (
			);
			name = COVID;
			productName = COVID;
			productReference = 4E59AA9924300A910055432C /* COVID.app */;
			productType = "com.apple.product-type.application";
		};
/* End PBXNativeTarget section */

/* Begin PBXProject section */
		4E59AA9124300A910055432C /* Project object */ = {
			isa = PBXProject;
			attributes = {
				LastSwiftUpdateCheck = 1140;
				LastUpgradeCheck = 1140;
				ORGANIZATIONNAME = "Gary Hanson";
				TargetAttributes = {
					4E59AA9824300A910055432C = {
						CreatedOnToolsVersion = 11.4;
					};
				};
			};
			buildConfigurationList = 4E59AA9424300A910055432C /* Build configuration list for PBXProject "COVID" */;
			compatibilityVersion = "Xcode 9.3";
			developmentRegion = en;
			hasScannedForEncodings = 0;
			knownRegions = (
				en,
				Base,
			);
			mainGroup = 4E59AA9024300A910055432C;
			productRefGroup = 4E59AA9A24300A910055432C /* Products */;
			projectDirPath = "";
			projectRoot = "";
			targets = (
				4E59AA9824300A910055432C /* COVID */,
			);
		};
/* End PBXProject section */

/* Begin PBXResourcesBuildPhase section */
		4E59AA9724300A910055432C /* Resources */ = {
			isa = PBXResourcesBuildPhase;
			buildActionMask = 2147483647;
			files = (
				4E59AAA924300A940055432C /* LaunchScreen.storyboard in Resources */,
				4E59AAA624300A940055432C /* Preview Assets.xcassets in Resources */,
				4E59AAA324300A940055432C /* Assets.xcassets in Resources */,
			);
			runOnlyForDeploymentPostprocessing = 0;
		};
/* End PBXResourcesBuildPhase section */

/* Begin PBXSourcesBuildPhase section */
		4E59AA9524300A910055432C /* Sources */ = {
			isa = PBXSourcesBuildPhase;
			buildActionMask = 2147483647;
			files = (
				4E59AA9D24300A910055432C /* AppDelegate.swift in Sources */,
				3E956075243A525200EF60D9 /* CellView.swift in Sources */,
				4E59AA9F24300A910055432C /* SceneDelegate.swift in Sources */,
				4E59AAA124300A910055432C /* ContentView.swift in Sources */,
				3E956071243A4ACC00EF60D9 /* Model.swift in Sources */,
			);
			runOnlyForDeploymentPostprocessing = 0;
		};
/* End PBXSourcesBuildPhase section */

/* Begin PBXVariantGroup section */
		4E59AAA724300A940055432C /* LaunchScreen.storyboard */ = {
			isa = PBXVariantGroup;
			children = (
				4E59AAA824300A940055432C /* Base */,
			);
			name = LaunchScreen.storyboard;
			sourceTree = "<group>";
		};
/* End PBXVariantGroup section */

/* Begin XCBuildConfiguration section */
		4E59AAAB24300A940055432C /* Debug */ = {
			isa = XCBuildConfiguration;
			buildSettings = {
				ALWAYS_SEARCH_USER_PATHS = NO;
				CLANG_ANALYZER_NONNULL = YES;
				CLANG_ANALYZER_NUMBER_OBJECT_CONVERSION = YES_AGGRESSIVE;
				CLANG_CXX_LANGUAGE_STANDARD = "gnu++14";
				CLANG_CXX_LIBRARY = "libc++";
				CLANG_ENABLE_MODULES = YES;
				CLANG_ENABLE_OBJC_ARC = YES;
				CLANG_ENABLE_OBJC_WEAK = YES;
				CLANG_WARN_BLOCK_CAPTURE_AUTORELEASING = YES;
				CLANG_WARN_BOOL_CONVERSION = YES;
				CLANG_WARN_COMMA = YES;
				CLANG_WARN_CONSTANT_CONVERSION = YES;
				CLANG_WARN_DEPRECATED_OBJC_IMPLEMENTATIONS = YES;
				CLANG_WARN_DIRECT_OBJC_ISA_USAGE = YES_ERROR;
				CLANG_WARN_DOCUMENTATION_COMMENTS = YES;
				CLANG_WARN_EMPTY_BODY = YES;
				CLANG_WARN_ENUM_CONVERSION = YES;
				CLANG_WARN_INFINITE_RECURSION = YES;
				CLANG_WARN_INT_CONVERSION = YES;
				CLANG_WARN_NON_LITERAL_NULL_CONVERSION = YES;
				CLANG_WARN_OBJC_IMPLICIT_RETAIN_SELF = YES;
				CLANG_WARN_OBJC_LITERAL_CONVERSION = YES;
				CLANG_WARN_OBJC_ROOT_CLASS = YES_ERROR;
				CLANG_WARN_RANGE_LOOP_ANALYSIS = YES;
				CLANG_WARN_STRICT_PROTOTYPES = YES;
				CLANG_WARN_SUSPICIOUS_MOVE = YES;
				CLANG_WARN_UNGUARDED_AVAILABILITY = YES_AGGRESSIVE;
				CLANG_WARN_UNREACHABLE_CODE = YES;
				CLANG_WARN__DUPLICATE_METHOD_MATCH = YES;
				COPY_PHASE_STRIP = NO;
				DEBUG_INFORMATION_FORMAT = dwarf;
				ENABLE_STRICT_OBJC_MSGSEND = YES;
				ENABLE_TESTABILITY = YES;
				GCC_C_LANGUAGE_STANDARD = gnu11;
				GCC_DYNAMIC_NO_PIC = NO;
				GCC_NO_COMMON_BLOCKS = YES;
				GCC_OPTIMIZATION_LEVEL = 0;
				GCC_PREPROCESSOR_DEFINITIONS = (
					"DEBUG=1",
					"$(inherited)",
				);
				GCC_WARN_64_TO_32_BIT_CONVERSION = YES;
				GCC_WARN_ABOUT_RETURN_TYPE = YES_ERROR;
				GCC_WARN_UNDECLARED_SELECTOR = YES;
				GCC_WARN_UNINITIALIZED_AUTOS = YES_AGGRESSIVE;
				GCC_WARN_UNUSED_FUNCTION = YES;
				GCC_WARN_UNUSED_VARIABLE = YES;
				IPHONEOS_DEPLOYMENT_TARGET = 13.4;
				MTL_ENABLE_DEBUG_INFO = INCLUDE_SOURCE;
				MTL_FAST_MATH = YES;
				ONLY_ACTIVE_ARCH = YES;
				SDKROOT = iphoneos;
				SWIFT_ACTIVE_COMPILATION_CONDITIONS = DEBUG;
				SWIFT_OPTIMIZATION_LEVEL = "-Onone";
			};
			name = Debug;
		};
		4E59AAAC24300A940055432C /* Release */ = {
			isa = XCBuildConfiguration;
			buildSettings = {
				ALWAYS_SEARCH_USER_PATHS = NO;
				CLANG_ANALYZER_NONNULL = YES;
				CLANG_ANALYZER_NUMBER_OBJECT_CONVERSION = YES_AGGRESSIVE;
				CLANG_CXX_LANGUAGE_STANDARD = "gnu++14";
				CLANG_CXX_LIBRARY = "libc++";
				CLANG_ENABLE_MODULES = YES;
				CLANG_ENABLE_OBJC_ARC = YES;
				CLANG_ENABLE_OBJC_WEAK = YES;
				CLANG_WARN_BLOCK_CAPTURE_AUTORELEASING = YES;
				CLANG_WARN_BOOL_CONVERSION = YES;
				CLANG_WARN_COMMA = YES;
				CLANG_WARN_CONSTANT_CONVERSION = YES;
				CLANG_WARN_DEPRECATED_OBJC_IMPLEMENTATIONS = YES;
				CLANG_WARN_DIRECT_OBJC_ISA_USAGE = YES_ERROR;
				CLANG_WARN_DOCUMENTATION_COMMENTS = YES;
				CLANG_WARN_EMPTY_BODY = YES;
				CLANG_WARN_ENUM_CONVERSION = YES;
				CLANG_WARN_INFINITE_RECURSION = YES;
				CLANG_WARN_INT_CONVERSION = YES;
				CLANG_WARN_NON_LITERAL_NULL_CONVERSION = YES;
				CLANG_WARN_OBJC_IMPLICIT_RETAIN_SELF = YES;
				CLANG_WARN_OBJC_LITERAL_CONVERSION = YES;
				CLANG_WARN_OBJC_ROOT_CLASS = YES_ERROR;
				CLANG_WARN_RANGE_LOOP_ANALYSIS = YES;
				CLANG_WARN_STRICT_PROTOTYPES = YES;
				CLANG_WARN_SUSPICIOUS_MOVE = YES;
				CLANG_WARN_UNGUARDED_AVAILABILITY = YES_AGGRESSIVE;
				CLANG_WARN_UNREACHABLE_CODE = YES;
				CLANG_WARN__DUPLICATE_METHOD_MATCH = YES;
				COPY_PHASE_STRIP = NO;
				DEBUG_INFORMATION_FORMAT = "dwarf-with-dsym";
				ENABLE_NS_ASSERTIONS = NO;
				ENABLE_STRICT_OBJC_MSGSEND = YES;
				GCC_C_LANGUAGE_STANDARD = gnu11;
				GCC_NO_COMMON_BLOCKS = YES;
				GCC_WARN_64_TO_32_BIT_CONVERSION = YES;
				GCC_WARN_ABOUT_RETURN_TYPE = YES_ERROR;
				GCC_WARN_UNDECLARED_SELECTOR = YES;
				GCC_WARN_UNINITIALIZED_AUTOS = YES_AGGRESSIVE;
				GCC_WARN_UNUSED_FUNCTION = YES;
				GCC_WARN_UNUSED_VARIABLE = YES;
				IPHONEOS_DEPLOYMENT_TARGET = 13.4;
				MTL_ENABLE_DEBUG_INFO = NO;
				MTL_FAST_MATH = YES;
				SDKROOT = iphoneos;
				SWIFT_COMPILATION_MODE = wholemodule;
				SWIFT_OPTIMIZATION_LEVEL = "-O";
				VALIDATE_PRODUCT = YES;
			};
			name = Release;
		};
		4E59AAAE24300A940055432C /* Debug */ = {
			isa = XCBuildConfiguration;
			buildSettings = {
				ASSETCATALOG_COMPILER_APPICON_NAME = AppIcon;
				CODE_SIGN_STYLE = Automatic;
				DEVELOPMENT_ASSET_PATHS = "\"COVID/Preview Content\"";
				DEVELOPMENT_TEAM = 5EP5YM7PC7;
				ENABLE_PREVIEWS = YES;
				INFOPLIST_FILE = COVID/Info.plist;
				LD_RUNPATH_SEARCH_PATHS = (
					"$(inherited)",
					"@executable_path/Frameworks",
				);
				PRODUCT_BUNDLE_IDENTIFIER = com.gary.h.COVID;
				PRODUCT_NAME = "$(TARGET_NAME)";
				SWIFT_VERSION = 5.0;
				TARGETED_DEVICE_FAMILY = "1,2";
			};
			name = Debug;
		};
		4E59AAAF24300A940055432C /* Release */ = {
			isa = XCBuildConfiguration;
			buildSettings = {
				ASSETCATALOG_COMPILER_APPICON_NAME = AppIcon;
				CODE_SIGN_STYLE = Automatic;
				DEVELOPMENT_ASSET_PATHS = "\"COVID/Preview Content\"";
				DEVELOPMENT_TEAM = 5EP5YM7PC7;
				ENABLE_PREVIEWS = YES;
				INFOPLIST_FILE = COVID/Info.plist;
				LD_RUNPATH_SEARCH_PATHS = (
					"$(inherited)",
					"@executable_path/Frameworks",
				);
				PRODUCT_BUNDLE_IDENTIFIER = com.gary.h.COVID;
				PRODUCT_NAME = "$(TARGET_NAME)";
				SWIFT_VERSION = 5.0;
				TARGETED_DEVICE_FAMILY = "1,2";
			};
			name = Release;
		};
/* End XCBuildConfiguration section */

/* Begin XCConfigurationList section */
		4E59AA9424300A910055432C /* Build configuration list for PBXProject "COVID" */ = {
			isa = XCConfigurationList;
			buildConfigurations = (
				4E59AAAB24300A940055432C /* Debug */,
				4E59AAAC24300A940055432C /* Release */,
			);
			defaultConfigurationIsVisible = 0;
			defaultConfigurationName = Release;
		};
		4E59AAAD24300A940055432C /* Build configuration list for PBXNativeTarget "COVID" */ = {
			isa = XCConfigurationList;
			buildConfigurations = (
				4E59AAAE24300A940055432C /* Debug */,
				4E59AAAF24300A940055432C /* Release */,
			);
			defaultConfigurationIsVisible = 0;
			defaultConfigurationName = Release;
		};
/* End XCConfigurationList section */
	};
	rootObject = 4E59AA9124300A910055432C /* Project object */;
}
